// !$*UTF8*$!
{
	archiveVersion = 1;
	classes = {
	};
	objectVersion = 56;
	objects = {

/* Begin PBXBuildFile section */
		0E0C814A2D67D538002021C9 /* Voltis_LabsApp.swift in Sources */ = {isa = PBXBuildFile; fileRef = 0E0C81492D67D538002021C9 /* Voltis_LabsApp.swift */; };
		0E0C814C2D67D538002021C9 /* ContentView.swift in Sources */ = {isa = PBXBuildFile; fileRef = 0E0C814B2D67D538002021C9 /* ContentView.swift */; };
		0E0C814E2D67D53D002021C9 /* Assets.xcassets in Resources */ = {isa = PBXBuildFile; fileRef = 0E0C814D2D67D53D002021C9 /* Assets.xcassets */; };
		0E0C81512D67D53D002021C9 /* Preview Assets.xcassets in Resources */ = {isa = PBXBuildFile; fileRef = 0E0C81502D67D53D002021C9 /* Preview Assets.xcassets */; };
		0E0C815B2D67D53E002021C9 /* Voltis_LabsTests.swift in Sources */ = {isa = PBXBuildFile; fileRef = 0E0C815A2D67D53E002021C9 /* Voltis_LabsTests.swift */; };
		0E0C81652D67D53E002021C9 /* Voltis_LabsUITests.swift in Sources */ = {isa = PBXBuildFile; fileRef = 0E0C81642D67D53E002021C9 /* Voltis_LabsUITests.swift */; };
		0E0C81672D67D53E002021C9 /* Voltis_LabsUITestsLaunchTests.swift in Sources */ = {isa = PBXBuildFile; fileRef = 0E0C81662D67D53E002021C9 /* Voltis_LabsUITestsLaunchTests.swift */; };
/* End PBXBuildFile section */

/* Begin PBXContainerItemProxy section */
		0E0C81572D67D53E002021C9 /* PBXContainerItemProxy */ = {
			isa = PBXContainerItemProxy;
			containerPortal = 0E0C813E2D67D538002021C9 /* Project object */;
			proxyType = 1;
			remoteGlobalIDString = 0E0C81452D67D538002021C9;
			remoteInfo = "Voltis Labs";
		};
		0E0C81612D67D53E002021C9 /* PBXContainerItemProxy */ = {
			isa = PBXContainerItemProxy;
			containerPortal = 0E0C813E2D67D538002021C9 /* Project object */;
			proxyType = 1;
			remoteGlobalIDString = 0E0C81452D67D538002021C9;
			remoteInfo = "Voltis Labs";
		};
/* End PBXContainerItemProxy section */

/* Begin PBXFileReference section */
		0E0C81462D67D538002021C9 /* Voltis Labs.app */ = {isa = PBXFileReference; explicitFileType = wrapper.application; includeInIndex = 0; path = "Voltis Labs.app"; sourceTree = BUILT_PRODUCTS_DIR; };
		0E0C81492D67D538002021C9 /* Voltis_LabsApp.swift */ = {isa = PBXFileReference; lastKnownFileType = sourcecode.swift; path = Voltis_LabsApp.swift; sourceTree = "<group>"; };
		0E0C814B2D67D538002021C9 /* ContentView.swift */ = {isa = PBXFileReference; lastKnownFileType = sourcecode.swift; path = ContentView.swift; sourceTree = "<group>"; };
		0E0C814D2D67D53D002021C9 /* Assets.xcassets */ = {isa = PBXFileReference; lastKnownFileType = folder.assetcatalog; path = Assets.xcassets; sourceTree = "<group>"; };
		0E0C81502D67D53D002021C9 /* Preview Assets.xcassets */ = {isa = PBXFileReference; lastKnownFileType = folder.assetcatalog; path = "Preview Assets.xcassets"; sourceTree = "<group>"; };
		0E0C81562D67D53E002021C9 /* Voltis LabsTests.xctest */ = {isa = PBXFileReference; explicitFileType = wrapper.cfbundle; includeInIndex = 0; path = "Voltis LabsTests.xctest"; sourceTree = BUILT_PRODUCTS_DIR; };
		0E0C815A2D67D53E002021C9 /* Voltis_LabsTests.swift */ = {isa = PBXFileReference; lastKnownFileType = sourcecode.swift; path = Voltis_LabsTests.swift; sourceTree = "<group>"; };
		0E0C81602D67D53E002021C9 /* Voltis LabsUITests.xctest */ = {isa = PBXFileReference; explicitFileType = wrapper.cfbundle; includeInIndex = 0; path = "Voltis LabsUITests.xctest"; sourceTree = BUILT_PRODUCTS_DIR; };
		0E0C81642D67D53E002021C9 /* Voltis_LabsUITests.swift */ = {isa = PBXFileReference; lastKnownFileType = sourcecode.swift; path = Voltis_LabsUITests.swift; sourceTree = "<group>"; };
		0E0C81662D67D53E002021C9 /* Voltis_LabsUITestsLaunchTests.swift */ = {isa = PBXFileReference; lastKnownFileType = sourcecode.swift; path = Voltis_LabsUITestsLaunchTests.swift; sourceTree = "<group>"; };
/* End PBXFileReference section */

/* Begin PBXFrameworksBuildPhase section */
		0E0C81432D67D538002021C9 /* Frameworks */ = {
			isa = PBXFrameworksBuildPhase;
			buildActionMask = 2147483647;
			files = (
			);
			runOnlyForDeploymentPostprocessing = 0;
		};
		0E0C81532D67D53E002021C9 /* Frameworks */ = {
			isa = PBXFrameworksBuildPhase;
			buildActionMask = 2147483647;
			files = (
			);
			runOnlyForDeploymentPostprocessing = 0;
		};
		0E0C815D2D67D53E002021C9 /* Frameworks */ = {
			isa = PBXFrameworksBuildPhase;
			buildActionMask = 2147483647;
			files = (
			);
			runOnlyForDeploymentPostprocessing = 0;
		};
/* End PBXFrameworksBuildPhase section */

/* Begin PBXGroup section */
		0E0C813D2D67D538002021C9 = {
			isa = PBXGroup;
			children = (
				0E0C81482D67D538002021C9 /* Voltis Labs */,
				0E0C81592D67D53E002021C9 /* Voltis LabsTests */,
				0E0C81632D67D53E002021C9 /* Voltis LabsUITests */,
				0E0C81472D67D538002021C9 /* Products */,
			);
			sourceTree = "<group>";
		};
		0E0C81472D67D538002021C9 /* Products */ = {
			isa = PBXGroup;
			children = (
				0E0C81462D67D538002021C9 /* Voltis Labs.app */,
				0E0C81562D67D53E002021C9 /* Voltis LabsTests.xctest */,
				0E0C81602D67D53E002021C9 /* Voltis LabsUITests.xctest */,
			);
			name = Products;
			sourceTree = "<group>";
		};
		0E0C81482D67D538002021C9 /* Voltis Labs */ = {
			isa = PBXGroup;
			children = (
				0E0C81492D67D538002021C9 /* Voltis_LabsApp.swift */,
				0E0C814B2D67D538002021C9 /* ContentView.swift */,
				0E0C814D2D67D53D002021C9 /* Assets.xcassets */,
				0E0C814F2D67D53D002021C9 /* Preview Content */,
			);
			path = "Voltis Labs";
			sourceTree = "<group>";
		};
		0E0C814F2D67D53D002021C9 /* Preview Content */ = {
			isa = PBXGroup;
			children = (
				0E0C81502D67D53D002021C9 /* Preview Assets.xcassets */,
			);
			path = "Preview Content";
			sourceTree = "<group>";
		};
		0E0C81592D67D53E002021C9 /* Voltis LabsTests */ = {
			isa = PBXGroup;
			children = (
				0E0C815A2D67D53E002021C9 /* Voltis_LabsTests.swift */,
			);
			path = "Voltis LabsTests";
			sourceTree = "<group>";
		};
		0E0C81632D67D53E002021C9 /* Voltis LabsUITests */ = {
			isa = PBXGroup;
			children = (
				0E0C81642D67D53E002021C9 /* Voltis_LabsUITests.swift */,
				0E0C81662D67D53E002021C9 /* Voltis_LabsUITestsLaunchTests.swift */,
			);
			path = "Voltis LabsUITests";
			sourceTree = "<group>";
		};
/* End PBXGroup section */

/* Begin PBXNativeTarget section */
		0E0C81452D67D538002021C9 /* Voltis Labs */ = {
			isa = PBXNativeTarget;
			buildConfigurationList = 0E0C816A2D67D53E002021C9 /* Build configuration list for PBXNativeTarget "Voltis Labs" */;
			buildPhases = (
				0E0C81422D67D538002021C9 /* Sources */,
				0E0C81432D67D538002021C9 /* Frameworks */,
				0E0C81442D67D538002021C9 /* Resources */,
			);
			buildRules = (
			);
			dependencies = (
			);
			name = "Voltis Labs";
			productName = "Voltis Labs";
			productReference = 0E0C81462D67D538002021C9 /* Voltis Labs.app */;
			productType = "com.apple.product-type.application";
		};
		0E0C81552D67D53E002021C9 /* Voltis LabsTests */ = {
			isa = PBXNativeTarget;
			buildConfigurationList = 0E0C816D2D67D53E002021C9 /* Build configuration list for PBXNativeTarget "Voltis LabsTests" */;
			buildPhases = (
				0E0C81522D67D53E002021C9 /* Sources */,
				0E0C81532D67D53E002021C9 /* Frameworks */,
				0E0C81542D67D53E002021C9 /* Resources */,
			);
			buildRules = (
			);
			dependencies = (
				0E0C81582D67D53E002021C9 /* PBXTargetDependency */,
			);
			name = "Voltis LabsTests";
			productName = "Voltis LabsTests";
			productReference = 0E0C81562D67D53E002021C9 /* Voltis LabsTests.xctest */;
			productType = "com.apple.product-type.bundle.unit-test";
		};
		0E0C815F2D67D53E002021C9 /* Voltis LabsUITests */ = {
			isa = PBXNativeTarget;
			buildConfigurationList = 0E0C81702D67D53E002021C9 /* Build configuration list for PBXNativeTarget "Voltis LabsUITests" */;
			buildPhases = (
				0E0C815C2D67D53E002021C9 /* Sources */,
				0E0C815D2D67D53E002021C9 /* Frameworks */,
				0E0C815E2D67D53E002021C9 /* Resources */,
			);
			buildRules = (
			);
			dependencies = (
				0E0C81622D67D53E002021C9 /* PBXTargetDependency */,
			);
			name = "Voltis LabsUITests";
			productName = "Voltis LabsUITests";
			productReference = 0E0C81602D67D53E002021C9 /* Voltis LabsUITests.xctest */;
			productType = "com.apple.product-type.bundle.ui-testing";
		};
/* End PBXNativeTarget section */

/* Begin PBXProject section */
		0E0C813E2D67D538002021C9 /* Project object */ = {
			isa = PBXProject;
			attributes = {
				BuildIndependentTargetsInParallel = 1;
				LastSwiftUpdateCheck = 1520;
				LastUpgradeCheck = 1520;
				TargetAttributes = {
					0E0C81452D67D538002021C9 = {
						CreatedOnToolsVersion = 15.2;
					};
					0E0C81552D67D53E002021C9 = {
						CreatedOnToolsVersion = 15.2;
						TestTargetID = 0E0C81452D67D538002021C9;
					};
					0E0C815F2D67D53E002021C9 = {
						CreatedOnToolsVersion = 15.2;
						TestTargetID = 0E0C81452D67D538002021C9;
					};
				};
			};
			buildConfigurationList = 0E0C81412D67D538002021C9 /* Build configuration list for PBXProject "Voltis Labs" */;
			compatibilityVersion = "Xcode 14.0";
			developmentRegion = en;
			hasScannedForEncodings = 0;
			knownRegions = (
				en,
				Base,
			);
			mainGroup = 0E0C813D2D67D538002021C9;
			productRefGroup = 0E0C81472D67D538002021C9 /* Products */;
			projectDirPath = "";
			projectRoot = "";
			targets = (
				0E0C81452D67D538002021C9 /* Voltis Labs */,
				0E0C81552D67D53E002021C9 /* Voltis LabsTests */,
				0E0C815F2D67D53E002021C9 /* Voltis LabsUITests */,
			);
		};
/* End PBXProject section */

/* Begin PBXResourcesBuildPhase section */
		0E0C81442D67D538002021C9 /* Resources */ = {
			isa = PBXResourcesBuildPhase;
			buildActionMask = 2147483647;
			files = (
				0E0C81512D67D53D002021C9 /* Preview Assets.xcassets in Resources */,
				0E0C814E2D67D53D002021C9 /* Assets.xcassets in Resources */,
			);
			runOnlyForDeploymentPostprocessing = 0;
		};
		0E0C81542D67D53E002021C9 /* Resources */ = {
			isa = PBXResourcesBuildPhase;
			buildActionMask = 2147483647;
			files = (
			);
			runOnlyForDeploymentPostprocessing = 0;
		};
		0E0C815E2D67D53E002021C9 /* Resources */ = {
			isa = PBXResourcesBuildPhase;
			buildActionMask = 2147483647;
			files = (
			);
			runOnlyForDeploymentPostprocessing = 0;
		};
/* End PBXResourcesBuildPhase section */

/* Begin PBXSourcesBuildPhase section */
		0E0C81422D67D538002021C9 /* Sources */ = {
			isa = PBXSourcesBuildPhase;
			buildActionMask = 2147483647;
			files = (
				0E0C814C2D67D538002021C9 /* ContentView.swift in Sources */,
				0E0C814A2D67D538002021C9 /* Voltis_LabsApp.swift in Sources */,
			);
			runOnlyForDeploymentPostprocessing = 0;
		};
		0E0C81522D67D53E002021C9 /* Sources */ = {
			isa = PBXSourcesBuildPhase;
			buildActionMask = 2147483647;
			files = (
				0E0C815B2D67D53E002021C9 /* Voltis_LabsTests.swift in Sources */,
			);
			runOnlyForDeploymentPostprocessing = 0;
		};
		0E0C815C2D67D53E002021C9 /* Sources */ = {
			isa = PBXSourcesBuildPhase;
			buildActionMask = 2147483647;
			files = (
				0E0C81652D67D53E002021C9 /* Voltis_LabsUITests.swift in Sources */,
				0E0C81672D67D53E002021C9 /* Voltis_LabsUITestsLaunchTests.swift in Sources */,
			);
			runOnlyForDeploymentPostprocessing = 0;
		};
/* End PBXSourcesBuildPhase section */

/* Begin PBXTargetDependency section */
		0E0C81582D67D53E002021C9 /* PBXTargetDependency */ = {
			isa = PBXTargetDependency;
			target = 0E0C81452D67D538002021C9 /* Voltis Labs */;
			targetProxy = 0E0C81572D67D53E002021C9 /* PBXContainerItemProxy */;
		};
		0E0C81622D67D53E002021C9 /* PBXTargetDependency */ = {
			isa = PBXTargetDependency;
			target = 0E0C81452D67D538002021C9 /* Voltis Labs */;
			targetProxy = 0E0C81612D67D53E002021C9 /* PBXContainerItemProxy */;
		};
/* End PBXTargetDependency section */

/* Begin XCBuildConfiguration section */
		0E0C81682D67D53E002021C9 /* Debug */ = {
			isa = XCBuildConfiguration;
			buildSettings = {
				ALWAYS_SEARCH_USER_PATHS = NO;
				ASSETCATALOG_COMPILER_GENERATE_SWIFT_ASSET_SYMBOL_EXTENSIONS = YES;
				CLANG_ANALYZER_NONNULL = YES;
				CLANG_ANALYZER_NUMBER_OBJECT_CONVERSION = YES_AGGRESSIVE;
				CLANG_CXX_LANGUAGE_STANDARD = "gnu++20";
				CLANG_ENABLE_MODULES = YES;
				CLANG_ENABLE_OBJC_ARC = YES;
				CLANG_ENABLE_OBJC_WEAK = YES;
				CLANG_WARN_BLOCK_CAPTURE_AUTORELEASING = YES;
				CLANG_WARN_BOOL_CONVERSION = YES;
				CLANG_WARN_COMMA = YES;
				CLANG_WARN_CONSTANT_CONVERSION = YES;
				CLANG_WARN_DEPRECATED_OBJC_IMPLEMENTATIONS = YES;
				CLANG_WARN_DIRECT_OBJC_ISA_USAGE = YES_ERROR;
				CLANG_WARN_DOCUMENTATION_COMMENTS = YES;
				CLANG_WARN_EMPTY_BODY = YES;
				CLANG_WARN_ENUM_CONVERSION = YES;
				CLANG_WARN_INFINITE_RECURSION = YES;
				CLANG_WARN_INT_CONVERSION = YES;
				CLANG_WARN_NON_LITERAL_NULL_CONVERSION = YES;
				CLANG_WARN_OBJC_IMPLICIT_RETAIN_SELF = YES;
				CLANG_WARN_OBJC_LITERAL_CONVERSION = YES;
				CLANG_WARN_OBJC_ROOT_CLASS = YES_ERROR;
				CLANG_WARN_QUOTED_INCLUDE_IN_FRAMEWORK_HEADER = YES;
				CLANG_WARN_RANGE_LOOP_ANALYSIS = YES;
				CLANG_WARN_STRICT_PROTOTYPES = YES;
				CLANG_WARN_SUSPICIOUS_MOVE = YES;
				CLANG_WARN_UNGUARDED_AVAILABILITY = YES_AGGRESSIVE;
				CLANG_WARN_UNREACHABLE_CODE = YES;
				CLANG_WARN__DUPLICATE_METHOD_MATCH = YES;
				COPY_PHASE_STRIP = NO;
				DEBUG_INFORMATION_FORMAT = dwarf;
				ENABLE_STRICT_OBJC_MSGSEND = YES;
				ENABLE_TESTABILITY = YES;
				ENABLE_USER_SCRIPT_SANDBOXING = YES;
				GCC_C_LANGUAGE_STANDARD = gnu17;
				GCC_DYNAMIC_NO_PIC = NO;
				GCC_NO_COMMON_BLOCKS = YES;
				GCC_OPTIMIZATION_LEVEL = 0;
				GCC_PREPROCESSOR_DEFINITIONS = (
					"DEBUG=1",
					"$(inherited)",
				);
				GCC_WARN_64_TO_32_BIT_CONVERSION = YES;
				GCC_WARN_ABOUT_RETURN_TYPE = YES_ERROR;
				GCC_WARN_UNDECLARED_SELECTOR = YES;
				GCC_WARN_UNINITIALIZED_AUTOS = YES_AGGRESSIVE;
				GCC_WARN_UNUSED_FUNCTION = YES;
				GCC_WARN_UNUSED_VARIABLE = YES;
				IPHONEOS_DEPLOYMENT_TARGET = 17.2;
				LOCALIZATION_PREFERS_STRING_CATALOGS = YES;
				MTL_ENABLE_DEBUG_INFO = INCLUDE_SOURCE;
				MTL_FAST_MATH = YES;
				ONLY_ACTIVE_ARCH = YES;
				SDKROOT = iphoneos;
				SWIFT_ACTIVE_COMPILATION_CONDITIONS = "DEBUG $(inherited)";
				SWIFT_OPTIMIZATION_LEVEL = "-Onone";
			};
			name = Debug;
		};
		0E0C81692D67D53E002021C9 /* Release */ = {
			isa = XCBuildConfiguration;
			buildSettings = {
				ALWAYS_SEARCH_USER_PATHS = NO;
				ASSETCATALOG_COMPILER_GENERATE_SWIFT_ASSET_SYMBOL_EXTENSIONS = YES;
				CLANG_ANALYZER_NONNULL = YES;
				CLANG_ANALYZER_NUMBER_OBJECT_CONVERSION = YES_AGGRESSIVE;
				CLANG_CXX_LANGUAGE_STANDARD = "gnu++20";
				CLANG_ENABLE_MODULES = YES;
				CLANG_ENABLE_OBJC_ARC = YES;
				CLANG_ENABLE_OBJC_WEAK = YES;
				CLANG_WARN_BLOCK_CAPTURE_AUTORELEASING = YES;
				CLANG_WARN_BOOL_CONVERSION = YES;
				CLANG_WARN_COMMA = YES;
				CLANG_WARN_CONSTANT_CONVERSION = YES;
				CLANG_WARN_DEPRECATED_OBJC_IMPLEMENTATIONS = YES;
				CLANG_WARN_DIRECT_OBJC_ISA_USAGE = YES_ERROR;
				CLANG_WARN_DOCUMENTATION_COMMENTS = YES;
				CLANG_WARN_EMPTY_BODY = YES;
				CLANG_WARN_ENUM_CONVERSION = YES;
				CLANG_WARN_INFINITE_RECURSION = YES;
				CLANG_WARN_INT_CONVERSION = YES;
				CLANG_WARN_NON_LITERAL_NULL_CONVERSION = YES;
				CLANG_WARN_OBJC_IMPLICIT_RETAIN_SELF = YES;
				CLANG_WARN_OBJC_LITERAL_CONVERSION = YES;
				CLANG_WARN_OBJC_ROOT_CLASS = YES_ERROR;
				CLANG_WARN_QUOTED_INCLUDE_IN_FRAMEWORK_HEADER = YES;
				CLANG_WARN_RANGE_LOOP_ANALYSIS = YES;
				CLANG_WARN_STRICT_PROTOTYPES = YES;
				CLANG_WARN_SUSPICIOUS_MOVE = YES;
				CLANG_WARN_UNGUARDED_AVAILABILITY = YES_AGGRESSIVE;
				CLANG_WARN_UNREACHABLE_CODE = YES;
				CLANG_WARN__DUPLICATE_METHOD_MATCH = YES;
				COPY_PHASE_STRIP = NO;
				DEBUG_INFORMATION_FORMAT = "dwarf-with-dsym";
				ENABLE_NS_ASSERTIONS = NO;
				ENABLE_STRICT_OBJC_MSGSEND = YES;
				ENABLE_USER_SCRIPT_SANDBOXING = YES;
				GCC_C_LANGUAGE_STANDARD = gnu17;
				GCC_NO_COMMON_BLOCKS = YES;
				GCC_WARN_64_TO_32_BIT_CONVERSION = YES;
				GCC_WARN_ABOUT_RETURN_TYPE = YES_ERROR;
				GCC_WARN_UNDECLARED_SELECTOR = YES;
				GCC_WARN_UNINITIALIZED_AUTOS = YES_AGGRESSIVE;
				GCC_WARN_UNUSED_FUNCTION = YES;
				GCC_WARN_UNUSED_VARIABLE = YES;
				IPHONEOS_DEPLOYMENT_TARGET = 17.2;
				LOCALIZATION_PREFERS_STRING_CATALOGS = YES;
				MTL_ENABLE_DEBUG_INFO = NO;
				MTL_FAST_MATH = YES;
				SDKROOT = iphoneos;
				SWIFT_COMPILATION_MODE = wholemodule;
				VALIDATE_PRODUCT = YES;
			};
			name = Release;
		};
		0E0C816B2D67D53E002021C9 /* Debug */ = {
			isa = XCBuildConfiguration;
			buildSettings = {
				ASSETCATALOG_COMPILER_APPICON_NAME = AppIcon;
				ASSETCATALOG_COMPILER_GLOBAL_ACCENT_COLOR_NAME = AccentColor;
				CODE_SIGN_STYLE = Automatic;
				CURRENT_PROJECT_VERSION = 1;
				DEVELOPMENT_ASSET_PATHS = "\"Voltis Labs/Preview Content\"";
				DEVELOPMENT_TEAM = L426V77DZ4;
				ENABLE_PREVIEWS = YES;
				GENERATE_INFOPLIST_FILE = YES;
				INFOPLIST_KEY_UIApplicationSceneManifest_Generation = YES;
				INFOPLIST_KEY_UIApplicationSupportsIndirectInputEvents = YES;
				INFOPLIST_KEY_UILaunchScreen_Generation = YES;
				INFOPLIST_KEY_UISupportedInterfaceOrientations_iPad = "UIInterfaceOrientationPortrait UIInterfaceOrientationPortraitUpsideDown UIInterfaceOrientationLandscapeLeft UIInterfaceOrientationLandscapeRight";
				INFOPLIST_KEY_UISupportedInterfaceOrientations_iPhone = "UIInterfaceOrientationPortrait UIInterfaceOrientationLandscapeLeft UIInterfaceOrientationLandscapeRight";
				LD_RUNPATH_SEARCH_PATHS = (
					"$(inherited)",
					"@executable_path/Frameworks",
				);
				MARKETING_VERSION = 1.0;
				PRODUCT_BUNDLE_IDENTIFIER = "nnagoziemcollin-gmail.com.Voltis-Labs";
				PRODUCT_NAME = "$(TARGET_NAME)";
				SWIFT_EMIT_LOC_STRINGS = YES;
				SWIFT_VERSION = 5.0;
				TARGETED_DEVICE_FAMILY = "1,2";
			};
			name = Debug;
		};
		0E0C816C2D67D53E002021C9 /* Release */ = {
			isa = XCBuildConfiguration;
			buildSettings = {
				ASSETCATALOG_COMPILER_APPICON_NAME = AppIcon;
				ASSETCATALOG_COMPILER_GLOBAL_ACCENT_COLOR_NAME = AccentColor;
				CODE_SIGN_STYLE = Automatic;
				CURRENT_PROJECT_VERSION = 1;
				DEVELOPMENT_ASSET_PATHS = "\"Voltis Labs/Preview Content\"";
				DEVELOPMENT_TEAM = L426V77DZ4;
				ENABLE_PREVIEWS = YES;
				GENERATE_INFOPLIST_FILE = YES;
				INFOPLIST_KEY_UIApplicationSceneManifest_Generation = YES;
				INFOPLIST_KEY_UIApplicationSupportsIndirectInputEvents = YES;
				INFOPLIST_KEY_UILaunchScreen_Generation = YES;
				INFOPLIST_KEY_UISupportedInterfaceOrientations_iPad = "UIInterfaceOrientationPortrait UIInterfaceOrientationPortraitUpsideDown UIInterfaceOrientationLandscapeLeft UIInterfaceOrientationLandscapeRight";
				INFOPLIST_KEY_UISupportedInterfaceOrientations_iPhone = "UIInterfaceOrientationPortrait UIInterfaceOrientationLandscapeLeft UIInterfaceOrientationLandscapeRight";
				LD_RUNPATH_SEARCH_PATHS = (
					"$(inherited)",
					"@executable_path/Frameworks",
				);
				MARKETING_VERSION = 1.0;
				PRODUCT_BUNDLE_IDENTIFIER = "nnagoziemcollin-gmail.com.Voltis-Labs";
				PRODUCT_NAME = "$(TARGET_NAME)";
				SWIFT_EMIT_LOC_STRINGS = YES;
				SWIFT_VERSION = 5.0;
				TARGETED_DEVICE_FAMILY = "1,2";
			};
			name = Release;
		};
		0E0C816E2D67D53E002021C9 /* Debug */ = {
			isa = XCBuildConfiguration;
			buildSettings = {
				ALWAYS_EMBED_SWIFT_STANDARD_LIBRARIES = YES;
				BUNDLE_LOADER = "$(TEST_HOST)";
				CODE_SIGN_STYLE = Automatic;
				CURRENT_PROJECT_VERSION = 1;
				DEVELOPMENT_TEAM = L426V77DZ4;
				GENERATE_INFOPLIST_FILE = YES;
				IPHONEOS_DEPLOYMENT_TARGET = 17.2;
				MARKETING_VERSION = 1.0;
				PRODUCT_BUNDLE_IDENTIFIER = "nnagoziemcollin-gmail.com.Voltis-LabsTests";
				PRODUCT_NAME = "$(TARGET_NAME)";
				SWIFT_EMIT_LOC_STRINGS = NO;
				SWIFT_VERSION = 5.0;
				TARGETED_DEVICE_FAMILY = "1,2";
				TEST_HOST = "$(BUILT_PRODUCTS_DIR)/Voltis Labs.app/$(BUNDLE_EXECUTABLE_FOLDER_PATH)/Voltis Labs";
			};
			name = Debug;
		};
		0E0C816F2D67D53E002021C9 /* Release */ = {
			isa = XCBuildConfiguration;
			buildSettings = {
				ALWAYS_EMBED_SWIFT_STANDARD_LIBRARIES = YES;
				BUNDLE_LOADER = "$(TEST_HOST)";
				CODE_SIGN_STYLE = Automatic;
				CURRENT_PROJECT_VERSION = 1;
				DEVELOPMENT_TEAM = L426V77DZ4;
				GENERATE_INFOPLIST_FILE = YES;
				IPHONEOS_DEPLOYMENT_TARGET = 17.2;
				MARKETING_VERSION = 1.0;
				PRODUCT_BUNDLE_IDENTIFIER = "nnagoziemcollin-gmail.com.Voltis-LabsTests";
				PRODUCT_NAME = "$(TARGET_NAME)";
				SWIFT_EMIT_LOC_STRINGS = NO;
				SWIFT_VERSION = 5.0;
				TARGETED_DEVICE_FAMILY = "1,2";
				TEST_HOST = "$(BUILT_PRODUCTS_DIR)/Voltis Labs.app/$(BUNDLE_EXECUTABLE_FOLDER_PATH)/Voltis Labs";
			};
			name = Release;
		};
		0E0C81712D67D53E002021C9 /* Debug */ = {
			isa = XCBuildConfiguration;
			buildSettings = {
				ALWAYS_EMBED_SWIFT_STANDARD_LIBRARIES = YES;
				CODE_SIGN_STYLE = Automatic;
				CURRENT_PROJECT_VERSION = 1;
				DEVELOPMENT_TEAM = L426V77DZ4;
				GENERATE_INFOPLIST_FILE = YES;
				MARKETING_VERSION = 1.0;
				PRODUCT_BUNDLE_IDENTIFIER = "nnagoziemcollin-gmail.com.Voltis-LabsUITests";
				PRODUCT_NAME = "$(TARGET_NAME)";
				SWIFT_EMIT_LOC_STRINGS = NO;
				SWIFT_VERSION = 5.0;
				TARGETED_DEVICE_FAMILY = "1,2";
				TEST_TARGET_NAME = "Voltis Labs";
			};
			name = Debug;
		};
		0E0C81722D67D53E002021C9 /* Release */ = {
			isa = XCBuildConfiguration;
			buildSettings = {
				ALWAYS_EMBED_SWIFT_STANDARD_LIBRARIES = YES;
				CODE_SIGN_STYLE = Automatic;
				CURRENT_PROJECT_VERSION = 1;
				DEVELOPMENT_TEAM = L426V77DZ4;
				GENERATE_INFOPLIST_FILE = YES;
				MARKETING_VERSION = 1.0;
				PRODUCT_BUNDLE_IDENTIFIER = "nnagoziemcollin-gmail.com.Voltis-LabsUITests";
				PRODUCT_NAME = "$(TARGET_NAME)";
				SWIFT_EMIT_LOC_STRINGS = NO;
				SWIFT_VERSION = 5.0;
				TARGETED_DEVICE_FAMILY = "1,2";
				TEST_TARGET_NAME = "Voltis Labs";
			};
			name = Release;
		};
/* End XCBuildConfiguration section */

/* Begin XCConfigurationList section */
		0E0C81412D67D538002021C9 /* Build configuration list for PBXProject "Voltis Labs" */ = {
			isa = XCConfigurationList;
			buildConfigurations = (
				0E0C81682D67D53E002021C9 /* Debug */,
				0E0C81692D67D53E002021C9 /* Release */,
			);
			defaultConfigurationIsVisible = 0;
			defaultConfigurationName = Release;
		};
		0E0C816A2D67D53E002021C9 /* Build configuration list for PBXNativeTarget "Voltis Labs" */ = {
			isa = XCConfigurationList;
			buildConfigurations = (
				0E0C816B2D67D53E002021C9 /* Debug */,
				0E0C816C2D67D53E002021C9 /* Release */,
			);
			defaultConfigurationIsVisible = 0;
			defaultConfigurationName = Release;
		};
		0E0C816D2D67D53E002021C9 /* Build configuration list for PBXNativeTarget "Voltis LabsTests" */ = {
			isa = XCConfigurationList;
			buildConfigurations = (
				0E0C816E2D67D53E002021C9 /* Debug */,
				0E0C816F2D67D53E002021C9 /* Release */,
			);
			defaultConfigurationIsVisible = 0;
			defaultConfigurationName = Release;
		};
		0E0C81702D67D53E002021C9 /* Build configuration list for PBXNativeTarget "Voltis LabsUITests" */ = {
			isa = XCConfigurationList;
			buildConfigurations = (
				0E0C81712D67D53E002021C9 /* Debug */,
				0E0C81722D67D53E002021C9 /* Release */,
			);
			defaultConfigurationIsVisible = 0;
			defaultConfigurationName = Release;
		};
/* End XCConfigurationList section */
	};
	rootObject = 0E0C813E2D67D538002021C9 /* Project object */;
}
